
Microsoft Visual Studio Solution File, Format Version 12.00
# Visual Studio Version 17
VisualStudioVersion = 17.9.34701.34
MinimumVisualStudioVersion = 10.0.40219.1
Project("{FAE04EC0-301F-11D3-BF4B-00C04F79EFBC}") = "VCVLyricInserter", "VCVLyricInserter.csproj", "{19638B89-09E2-4C37-B975-C54291ED8F02}"
EndProject
Project("{FAE04EC0-301F-11D3-BF4B-00C04F79EFBC}") = "utauPlugin", "utauPlugin-master\utauPlugin\utauPlugin.csproj", "{C08197D8-8323-4E6E-AAB4-F0B57CC304BD}"
EndProject
Project("{FAE04EC0-301F-11D3-BF4B-00C04F79EFBC}") = "UtauVoiceBank", "utauPlugin-master\UtauVoiceBank\UtauVoiceBank\UtauVoiceBank.csproj", "{3CD4045E-4D2D-4FBE-B3EB-A950EFC15309}"
EndProject
Project("{FAE04EC0-301F-11D3-BF4B-00C04F79EFBC}") = "Wave", "utauPlugin-master\Wave\Wave\Wave.csproj", "{C0CC431F-2A53-4CCB-9026-451570C7ACE8}"
EndProject
Global
	GlobalSection(SolutionConfigurationPlatforms) = preSolution
		Debug|Any CPU = Debug|Any CPU
		Release|Any CPU = Release|Any CPU
	EndGlobalSection
	GlobalSection(ProjectConfigurationPlatforms) = postSolution
		{19638B89-09E2-4C37-B975-C54291ED8F02}.Debug|Any CPU.ActiveCfg = Debug|Any CPU
		{19638B89-09E2-4C37-B975-C54291ED8F02}.Debug|Any CPU.Build.0 = Debug|Any CPU
		{19638B89-09E2-4C37-B975-C54291ED8F02}.Release|Any CPU.ActiveCfg = Release|Any CPU
		{19638B89-09E2-4C37-B975-C54291ED8F02}.Release|Any CPU.Build.0 = Release|Any CPU
		{C08197D8-8323-4E6E-AAB4-F0B57CC304BD}.Debug|Any CPU.ActiveCfg = Debug|Any CPU
		{C08197D8-8323-4E6E-AAB4-F0B57CC304BD}.Debug|Any CPU.Build.0 = Debug|Any CPU
		{C08197D8-8323-4E6E-AAB4-F0B57CC304BD}.Release|Any CPU.ActiveCfg = Release|Any CPU
		{C08197D8-8323-4E6E-AAB4-F0B57CC304BD}.Release|Any CPU.Build.0 = Release|Any CPU
		{3CD4045E-4D2D-4FBE-B3EB-A950EFC15309}.Debug|Any CPU.ActiveCfg = Debug|Any CPU
		{3CD4045E-4D2D-4FBE-B3EB-A950EFC15309}.Debug|Any CPU.Build.0 = Debug|Any CPU
		{3CD4045E-4D2D-4FBE-B3EB-A950EFC15309}.Release|Any CPU.ActiveCfg = Release|Any CPU
		{3CD4045E-4D2D-4FBE-B3EB-A950EFC15309}.Release|Any CPU.Build.0 = Release|Any CPU
		{C0CC431F-2A53-4CCB-9026-451570C7ACE8}.Debug|Any CPU.ActiveCfg = Debug|Any CPU
		{C0CC431F-2A53-4CCB-9026-451570C7ACE8}.Debug|Any CPU.Build.0 = Debug|Any CPU
		{C0CC431F-2A53-4CCB-9026-451570C7ACE8}.Release|Any CPU.ActiveCfg = Release|Any CPU
		{C0CC431F-2A53-4CCB-9026-451570C7ACE8}.Release|Any CPU.Build.0 = Release|Any CPU
	EndGlobalSection
	GlobalSection(SolutionProperties) = preSolution
		HideSolutionNode = FALSE
	EndGlobalSection
	GlobalSection(ExtensibilityGlobals) = postSolution
		SolutionGuid = {E6F677DC-472D-4F27-9664-29FA8CC95D9E}
	EndGlobalSection
EndGlobal
